Microsoft Visual Studio Solution File, Format Version 12.00
# Visual Studio Version 16
VisualStudioVersion = 16.0.29111.141
MinimumVisualStudioVersion = 10.0.40219.1
Project("{9A19103F-16F7-4668-BE54-9A1E7A4F7556}") = "Celin.AIS", "Celin.AIS.csproj", "{565DCD41-DF2A-429C-A3AA-CB4F67ECAE50}"
EndProject
Global
	GlobalSection(SolutionConfigurationPlatforms) = preSolution
		Debug|Any CPU = Debug|Any CPU
		Release|Any CPU = Release|Any CPU
	EndGlobalSection
	GlobalSection(ProjectConfigurationPlatforms) = postSolution
		{565DCD41-DF2A-429C-A3AA-CB4F67ECAE50}.Debug|Any CPU.ActiveCfg = Debug|Any CPU
		{565DCD41-DF2A-429C-A3AA-CB4F67ECAE50}.Debug|Any CPU.Build.0 = Debug|Any CPU
		{565DCD41-DF2A-429C-A3AA-CB4F67ECAE50}.Release|Any CPU.ActiveCfg = Release|Any CPU
		{565DCD41-DF2A-429C-A3AA-CB4F67ECAE50}.Release|Any CPU.Build.0 = Release|Any CPU
	EndGlobalSection
	GlobalSection(SolutionProperties) = preSolution
		HideSolutionNode = FALSE
	EndGlobalSection
	GlobalSection(ExtensibilityGlobals) = postSolution
		SolutionGuid = {C00F9F8A-93B3-4940-9E32-5A1FB406658C}
	EndGlobalSection
EndGlobal
